// !$*UTF8*$!
{
	archiveVersion = 1;
	classes = {
	};
	objectVersion = 55;
	objects = {

/* Begin PBXBuildFile section */
		3486DBD327BEF9DD00DBA681 /* AppDelegate.swift in Sources */ = {isa = PBXBuildFile; fileRef = 3486DBD227BEF9DD00DBA681 /* AppDelegate.swift */; };
		3486DBD527BEF9DD00DBA681 /* SceneDelegate.swift in Sources */ = {isa = PBXBuildFile; fileRef = 3486DBD427BEF9DD00DBA681 /* SceneDelegate.swift */; };
		3486DBD727BEF9DD00DBA681 /* ViewController.swift in Sources */ = {isa = PBXBuildFile; fileRef = 3486DBD627BEF9DD00DBA681 /* ViewController.swift */; };
		3486DBDA27BEF9DD00DBA681 /* Main.storyboard in Resources */ = {isa = PBXBuildFile; fileRef = 3486DBD827BEF9DD00DBA681 /* Main.storyboard */; };
		3486DBDC27BEF9DE00DBA681 /* Assets.xcassets in Resources */ = {isa = PBXBuildFile; fileRef = 3486DBDB27BEF9DE00DBA681 /* Assets.xcassets */; };
		3486DBDF27BEF9DE00DBA681 /* LaunchScreen.storyboard in Resources */ = {isa = PBXBuildFile; fileRef = 3486DBDD27BEF9DE00DBA681 /* LaunchScreen.storyboard */; };
		3486DBEA27BEF9DE00DBA681 /* KrishnanVenkatesh_CalculatorTests.swift in Sources */ = {isa = PBXBuildFile; fileRef = 3486DBE927BEF9DE00DBA681 /* KrishnanVenkatesh_CalculatorTests.swift */; };
		3486DBF427BEF9DE00DBA681 /* KrishnanVenkatesh_CalculatorUITests.swift in Sources */ = {isa = PBXBuildFile; fileRef = 3486DBF327BEF9DE00DBA681 /* KrishnanVenkatesh_CalculatorUITests.swift */; };
		3486DBF627BEF9DE00DBA681 /* KrishnanVenkatesh_CalculatorUITestsLaunchTests.swift in Sources */ = {isa = PBXBuildFile; fileRef = 3486DBF527BEF9DE00DBA681 /* KrishnanVenkatesh_CalculatorUITestsLaunchTests.swift */; };
/* End PBXBuildFile section */

/* Begin PBXContainerItemProxy section */
		3486DBE627BEF9DE00DBA681 /* PBXContainerItemProxy */ = {
			isa = PBXContainerItemProxy;
			containerPortal = 3486DBC727BEF9DD00DBA681 /* Project object */;
			proxyType = 1;
			remoteGlobalIDString = 3486DBCE27BEF9DD00DBA681;
			remoteInfo = KrishnanVenkatesh_Calculator;
		};
		3486DBF027BEF9DE00DBA681 /* PBXContainerItemProxy */ = {
			isa = PBXContainerItemProxy;
			containerPortal = 3486DBC727BEF9DD00DBA681 /* Project object */;
			proxyType = 1;
			remoteGlobalIDString = 3486DBCE27BEF9DD00DBA681;
			remoteInfo = KrishnanVenkatesh_Calculator;
		};
/* End PBXContainerItemProxy section */

/* Begin PBXFileReference section */
		3486DBCF27BEF9DD00DBA681 /* KrishnanVenkatesh_Calculator.app */ = {isa = PBXFileReference; explicitFileType = wrapper.application; includeInIndex = 0; path = KrishnanVenkatesh_Calculator.app; sourceTree = BUILT_PRODUCTS_DIR; };
		3486DBD227BEF9DD00DBA681 /* AppDelegate.swift */ = {isa = PBXFileReference; lastKnownFileType = sourcecode.swift; path = AppDelegate.swift; sourceTree = "<group>"; };
		3486DBD427BEF9DD00DBA681 /* SceneDelegate.swift */ = {isa = PBXFileReference; lastKnownFileType = sourcecode.swift; path = SceneDelegate.swift; sourceTree = "<group>"; };
		3486DBD627BEF9DD00DBA681 /* ViewController.swift */ = {isa = PBXFileReference; lastKnownFileType = sourcecode.swift; path = ViewController.swift; sourceTree = "<group>"; };
		3486DBD927BEF9DD00DBA681 /* Base */ = {isa = PBXFileReference; lastKnownFileType = file.storyboard; name = Base; path = Base.lproj/Main.storyboard; sourceTree = "<group>"; };
		3486DBDB27BEF9DE00DBA681 /* Assets.xcassets */ = {isa = PBXFileReference; lastKnownFileType = folder.assetcatalog; path = Assets.xcassets; sourceTree = "<group>"; };
		3486DBDE27BEF9DE00DBA681 /* Base */ = {isa = PBXFileReference; lastKnownFileType = file.storyboard; name = Base; path = Base.lproj/LaunchScreen.storyboard; sourceTree = "<group>"; };
		3486DBE027BEF9DE00DBA681 /* Info.plist */ = {isa = PBXFileReference; lastKnownFileType = text.plist.xml; path = Info.plist; sourceTree = "<group>"; };
		3486DBE527BEF9DE00DBA681 /* KrishnanVenkatesh_CalculatorTests.xctest */ = {isa = PBXFileReference; explicitFileType = wrapper.cfbundle; includeInIndex = 0; path = KrishnanVenkatesh_CalculatorTests.xctest; sourceTree = BUILT_PRODUCTS_DIR; };
		3486DBE927BEF9DE00DBA681 /* KrishnanVenkatesh_CalculatorTests.swift */ = {isa = PBXFileReference; lastKnownFileType = sourcecode.swift; path = KrishnanVenkatesh_CalculatorTests.swift; sourceTree = "<group>"; };
		3486DBEF27BEF9DE00DBA681 /* KrishnanVenkatesh_CalculatorUITests.xctest */ = {isa = PBXFileReference; explicitFileType = wrapper.cfbundle; includeInIndex = 0; path = KrishnanVenkatesh_CalculatorUITests.xctest; sourceTree = BUILT_PRODUCTS_DIR; };
		3486DBF327BEF9DE00DBA681 /* KrishnanVenkatesh_CalculatorUITests.swift */ = {isa = PBXFileReference; lastKnownFileType = sourcecode.swift; path = KrishnanVenkatesh_CalculatorUITests.swift; sourceTree = "<group>"; };
		3486DBF527BEF9DE00DBA681 /* KrishnanVenkatesh_CalculatorUITestsLaunchTests.swift */ = {isa = PBXFileReference; lastKnownFileType = sourcecode.swift; path = KrishnanVenkatesh_CalculatorUITestsLaunchTests.swift; sourceTree = "<group>"; };
/* End PBXFileReference section */

/* Begin PBXFrameworksBuildPhase section */
		3486DBCC27BEF9DD00DBA681 /* Frameworks */ = {
			isa = PBXFrameworksBuildPhase;
			buildActionMask = 2147483647;
			files = (
			);
			runOnlyForDeploymentPostprocessing = 0;
		};
		3486DBE227BEF9DE00DBA681 /* Frameworks */ = {
			isa = PBXFrameworksBuildPhase;
			buildActionMask = 2147483647;
			files = (
			);
			runOnlyForDeploymentPostprocessing = 0;
		};
		3486DBEC27BEF9DE00DBA681 /* Frameworks */ = {
			isa = PBXFrameworksBuildPhase;
			buildActionMask = 2147483647;
			files = (
			);
			runOnlyForDeploymentPostprocessing = 0;
		};
/* End PBXFrameworksBuildPhase section */

/* Begin PBXGroup section */
		3486DBC627BEF9DD00DBA681 = {
			isa = PBXGroup;
			children = (
				3486DBD127BEF9DD00DBA681 /* KrishnanVenkatesh_Calculator */,
				3486DBE827BEF9DE00DBA681 /* KrishnanVenkatesh_CalculatorTests */,
				3486DBF227BEF9DE00DBA681 /* KrishnanVenkatesh_CalculatorUITests */,
				3486DBD027BEF9DD00DBA681 /* Products */,
			);
			sourceTree = "<group>";
		};
		3486DBD027BEF9DD00DBA681 /* Products */ = {
			isa = PBXGroup;
			children = (
				3486DBCF27BEF9DD00DBA681 /* KrishnanVenkatesh_Calculator.app */,
				3486DBE527BEF9DE00DBA681 /* KrishnanVenkatesh_CalculatorTests.xctest */,
				3486DBEF27BEF9DE00DBA681 /* KrishnanVenkatesh_CalculatorUITests.xctest */,
			);
			name = Products;
			sourceTree = "<group>";
		};
		3486DBD127BEF9DD00DBA681 /* KrishnanVenkatesh_Calculator */ = {
			isa = PBXGroup;
			children = (
				3486DBD227BEF9DD00DBA681 /* AppDelegate.swift */,
				3486DBD427BEF9DD00DBA681 /* SceneDelegate.swift */,
				3486DBD627BEF9DD00DBA681 /* ViewController.swift */,
				3486DBD827BEF9DD00DBA681 /* Main.storyboard */,
				3486DBDB27BEF9DE00DBA681 /* Assets.xcassets */,
				3486DBDD27BEF9DE00DBA681 /* LaunchScreen.storyboard */,
				3486DBE027BEF9DE00DBA681 /* Info.plist */,
			);
			path = KrishnanVenkatesh_Calculator;
			sourceTree = "<group>";
		};
		3486DBE827BEF9DE00DBA681 /* KrishnanVenkatesh_CalculatorTests */ = {
			isa = PBXGroup;
			children = (
				3486DBE927BEF9DE00DBA681 /* KrishnanVenkatesh_CalculatorTests.swift */,
			);
			path = KrishnanVenkatesh_CalculatorTests;
			sourceTree = "<group>";
		};
		3486DBF227BEF9DE00DBA681 /* KrishnanVenkatesh_CalculatorUITests */ = {
			isa = PBXGroup;
			children = (
				3486DBF327BEF9DE00DBA681 /* KrishnanVenkatesh_CalculatorUITests.swift */,
				3486DBF527BEF9DE00DBA681 /* KrishnanVenkatesh_CalculatorUITestsLaunchTests.swift */,
			);
			path = KrishnanVenkatesh_CalculatorUITests;
			sourceTree = "<group>";
		};
/* End PBXGroup section */

/* Begin PBXNativeTarget section */
		3486DBCE27BEF9DD00DBA681 /* KrishnanVenkatesh_Calculator */ = {
			isa = PBXNativeTarget;
			buildConfigurationList = 3486DBF927BEF9DE00DBA681 /* Build configuration list for PBXNativeTarget "KrishnanVenkatesh_Calculator" */;
			buildPhases = (
				3486DBCB27BEF9DD00DBA681 /* Sources */,
				3486DBCC27BEF9DD00DBA681 /* Frameworks */,
				3486DBCD27BEF9DD00DBA681 /* Resources */,
			);
			buildRules = (
			);
			dependencies = (
			);
			name = KrishnanVenkatesh_Calculator;
			productName = KrishnanVenkatesh_Calculator;
			productReference = 3486DBCF27BEF9DD00DBA681 /* KrishnanVenkatesh_Calculator.app */;
			productType = "com.apple.product-type.application";
		};
		3486DBE427BEF9DE00DBA681 /* KrishnanVenkatesh_CalculatorTests */ = {
			isa = PBXNativeTarget;
			buildConfigurationList = 3486DBFC27BEF9DE00DBA681 /* Build configuration list for PBXNativeTarget "KrishnanVenkatesh_CalculatorTests" */;
			buildPhases = (
				3486DBE127BEF9DE00DBA681 /* Sources */,
				3486DBE227BEF9DE00DBA681 /* Frameworks */,
				3486DBE327BEF9DE00DBA681 /* Resources */,
			);
			buildRules = (
			);
			dependencies = (
				3486DBE727BEF9DE00DBA681 /* PBXTargetDependency */,
			);
			name = KrishnanVenkatesh_CalculatorTests;
			productName = KrishnanVenkatesh_CalculatorTests;
			productReference = 3486DBE527BEF9DE00DBA681 /* KrishnanVenkatesh_CalculatorTests.xctest */;
			productType = "com.apple.product-type.bundle.unit-test";
		};
		3486DBEE27BEF9DE00DBA681 /* KrishnanVenkatesh_CalculatorUITests */ = {
			isa = PBXNativeTarget;
			buildConfigurationList = 3486DBFF27BEF9DE00DBA681 /* Build configuration list for PBXNativeTarget "KrishnanVenkatesh_CalculatorUITests" */;
			buildPhases = (
				3486DBEB27BEF9DE00DBA681 /* Sources */,
				3486DBEC27BEF9DE00DBA681 /* Frameworks */,
				3486DBED27BEF9DE00DBA681 /* Resources */,
			);
			buildRules = (
			);
			dependencies = (
				3486DBF127BEF9DE00DBA681 /* PBXTargetDependency */,
			);
			name = KrishnanVenkatesh_CalculatorUITests;
			productName = KrishnanVenkatesh_CalculatorUITests;
			productReference = 3486DBEF27BEF9DE00DBA681 /* KrishnanVenkatesh_CalculatorUITests.xctest */;
			productType = "com.apple.product-type.bundle.ui-testing";
		};
/* End PBXNativeTarget section */

/* Begin PBXProject section */
		3486DBC727BEF9DD00DBA681 /* Project object */ = {
			isa = PBXProject;
			attributes = {
				BuildIndependentTargetsInParallel = 1;
				LastSwiftUpdateCheck = 1320;
				LastUpgradeCheck = 1320;
				TargetAttributes = {
					3486DBCE27BEF9DD00DBA681 = {
						CreatedOnToolsVersion = 13.2.1;
					};
					3486DBE427BEF9DE00DBA681 = {
						CreatedOnToolsVersion = 13.2.1;
						TestTargetID = 3486DBCE27BEF9DD00DBA681;
					};
					3486DBEE27BEF9DE00DBA681 = {
						CreatedOnToolsVersion = 13.2.1;
						TestTargetID = 3486DBCE27BEF9DD00DBA681;
					};
				};
			};
			buildConfigurationList = 3486DBCA27BEF9DD00DBA681 /* Build configuration list for PBXProject "KrishnanVenkatesh_Calculator" */;
			compatibilityVersion = "Xcode 13.0";
			developmentRegion = en;
			hasScannedForEncodings = 0;
			knownRegions = (
				en,
				Base,
			);
			mainGroup = 3486DBC627BEF9DD00DBA681;
			productRefGroup = 3486DBD027BEF9DD00DBA681 /* Products */;
			projectDirPath = "";
			projectRoot = "";
			targets = (
				3486DBCE27BEF9DD00DBA681 /* KrishnanVenkatesh_Calculator */,
				3486DBE427BEF9DE00DBA681 /* KrishnanVenkatesh_CalculatorTests */,
				3486DBEE27BEF9DE00DBA681 /* KrishnanVenkatesh_CalculatorUITests */,
			);
		};
/* End PBXProject section */

/* Begin PBXResourcesBuildPhase section */
		3486DBCD27BEF9DD00DBA681 /* Resources */ = {
			isa = PBXResourcesBuildPhase;
			buildActionMask = 2147483647;
			files = (
				3486DBDF27BEF9DE00DBA681 /* LaunchScreen.storyboard in Resources */,
				3486DBDC27BEF9DE00DBA681 /* Assets.xcassets in Resources */,
				3486DBDA27BEF9DD00DBA681 /* Main.storyboard in Resources */,
			);
			runOnlyForDeploymentPostprocessing = 0;
		};
		3486DBE327BEF9DE00DBA681 /* Resources */ = {
			isa = PBXResourcesBuildPhase;
			buildActionMask = 2147483647;
			files = (
			);
			runOnlyForDeploymentPostprocessing = 0;
		};
		3486DBED27BEF9DE00DBA681 /* Resources */ = {
			isa = PBXResourcesBuildPhase;
			buildActionMask = 2147483647;
			files = (
			);
			runOnlyForDeploymentPostprocessing = 0;
		};
/* End PBXResourcesBuildPhase section */

/* Begin PBXSourcesBuildPhase section */
		3486DBCB27BEF9DD00DBA681 /* Sources */ = {
			isa = PBXSourcesBuildPhase;
			buildActionMask = 2147483647;
			files = (
				3486DBD727BEF9DD00DBA681 /* ViewController.swift in Sources */,
				3486DBD327BEF9DD00DBA681 /* AppDelegate.swift in Sources */,
				3486DBD527BEF9DD00DBA681 /* SceneDelegate.swift in Sources */,
			);
			runOnlyForDeploymentPostprocessing = 0;
		};
		3486DBE127BEF9DE00DBA681 /* Sources */ = {
			isa = PBXSourcesBuildPhase;
			buildActionMask = 2147483647;
			files = (
				3486DBEA27BEF9DE00DBA681 /* KrishnanVenkatesh_CalculatorTests.swift in Sources */,
			);
			runOnlyForDeploymentPostprocessing = 0;
		};
		3486DBEB27BEF9DE00DBA681 /* Sources */ = {
			isa = PBXSourcesBuildPhase;
			buildActionMask = 2147483647;
			files = (
				3486DBF627BEF9DE00DBA681 /* KrishnanVenkatesh_CalculatorUITestsLaunchTests.swift in Sources */,
				3486DBF427BEF9DE00DBA681 /* KrishnanVenkatesh_CalculatorUITests.swift in Sources */,
			);
			runOnlyForDeploymentPostprocessing = 0;
		};
/* End PBXSourcesBuildPhase section */

/* Begin PBXTargetDependency section */
		3486DBE727BEF9DE00DBA681 /* PBXTargetDependency */ = {
			isa = PBXTargetDependency;
			target = 3486DBCE27BEF9DD00DBA681 /* KrishnanVenkatesh_Calculator */;
			targetProxy = 3486DBE627BEF9DE00DBA681 /* PBXContainerItemProxy */;
		};
		3486DBF127BEF9DE00DBA681 /* PBXTargetDependency */ = {
			isa = PBXTargetDependency;
			target = 3486DBCE27BEF9DD00DBA681 /* KrishnanVenkatesh_Calculator */;
			targetProxy = 3486DBF027BEF9DE00DBA681 /* PBXContainerItemProxy */;
		};
/* End PBXTargetDependency section */

/* Begin PBXVariantGroup section */
		3486DBD827BEF9DD00DBA681 /* Main.storyboard */ = {
			isa = PBXVariantGroup;
			children = (
				3486DBD927BEF9DD00DBA681 /* Base */,
			);
			name = Main.storyboard;
			sourceTree = "<group>";
		};
		3486DBDD27BEF9DE00DBA681 /* LaunchScreen.storyboard */ = {
			isa = PBXVariantGroup;
			children = (
				3486DBDE27BEF9DE00DBA681 /* Base */,
			);
			name = LaunchScreen.storyboard;
			sourceTree = "<group>";
		};
/* End PBXVariantGroup section */

/* Begin XCBuildConfiguration section */
		3486DBF727BEF9DE00DBA681 /* Debug */ = {
			isa = XCBuildConfiguration;
			buildSettings = {
				ALWAYS_SEARCH_USER_PATHS = NO;
				CLANG_ANALYZER_NONNULL = YES;
				CLANG_ANALYZER_NUMBER_OBJECT_CONVERSION = YES_AGGRESSIVE;
				CLANG_CXX_LANGUAGE_STANDARD = "gnu++17";
				CLANG_CXX_LIBRARY = "libc++";
				CLANG_ENABLE_MODULES = YES;
				CLANG_ENABLE_OBJC_ARC = YES;
				CLANG_ENABLE_OBJC_WEAK = YES;
				CLANG_WARN_BLOCK_CAPTURE_AUTORELEASING = YES;
				CLANG_WARN_BOOL_CONVERSION = YES;
				CLANG_WARN_COMMA = YES;
				CLANG_WARN_CONSTANT_CONVERSION = YES;
				CLANG_WARN_DEPRECATED_OBJC_IMPLEMENTATIONS = YES;
				CLANG_WARN_DIRECT_OBJC_ISA_USAGE = YES_ERROR;
				CLANG_WARN_DOCUMENTATION_COMMENTS = YES;
				CLANG_WARN_EMPTY_BODY = YES;
				CLANG_WARN_ENUM_CONVERSION = YES;
				CLANG_WARN_INFINITE_RECURSION = YES;
				CLANG_WARN_INT_CONVERSION = YES;
				CLANG_WARN_NON_LITERAL_NULL_CONVERSION = YES;
				CLANG_WARN_OBJC_IMPLICIT_RETAIN_SELF = YES;
				CLANG_WARN_OBJC_LITERAL_CONVERSION = YES;
				CLANG_WARN_OBJC_ROOT_CLASS = YES_ERROR;
				CLANG_WARN_QUOTED_INCLUDE_IN_FRAMEWORK_HEADER = YES;
				CLANG_WARN_RANGE_LOOP_ANALYSIS = YES;
				CLANG_WARN_STRICT_PROTOTYPES = YES;
				CLANG_WARN_SUSPICIOUS_MOVE = YES;
				CLANG_WARN_UNGUARDED_AVAILABILITY = YES_AGGRESSIVE;
				CLANG_WARN_UNREACHABLE_CODE = YES;
				CLANG_WARN__DUPLICATE_METHOD_MATCH = YES;
				COPY_PHASE_STRIP = NO;
				DEBUG_INFORMATION_FORMAT = dwarf;
				ENABLE_STRICT_OBJC_MSGSEND = YES;
				ENABLE_TESTABILITY = YES;
				GCC_C_LANGUAGE_STANDARD = gnu11;
				GCC_DYNAMIC_NO_PIC = NO;
				GCC_NO_COMMON_BLOCKS = YES;
				GCC_OPTIMIZATION_LEVEL = 0;
				GCC_PREPROCESSOR_DEFINITIONS = (
					"DEBUG=1",
					"$(inherited)",
				);
				GCC_WARN_64_TO_32_BIT_CONVERSION = YES;
				GCC_WARN_ABOUT_RETURN_TYPE = YES_ERROR;
				GCC_WARN_UNDECLARED_SELECTOR = YES;
				GCC_WARN_UNINITIALIZED_AUTOS = YES_AGGRESSIVE;
				GCC_WARN_UNUSED_FUNCTION = YES;
				GCC_WARN_UNUSED_VARIABLE = YES;
				IPHONEOS_DEPLOYMENT_TARGET = 15.2;
				MTL_ENABLE_DEBUG_INFO = INCLUDE_SOURCE;
				MTL_FAST_MATH = YES;
				ONLY_ACTIVE_ARCH = YES;
				SDKROOT = iphoneos;
				SWIFT_ACTIVE_COMPILATION_CONDITIONS = DEBUG;
				SWIFT_OPTIMIZATION_LEVEL = "-Onone";
			};
			name = Debug;
		};
		3486DBF827BEF9DE00DBA681 /* Release */ = {
			isa = XCBuildConfiguration;
			buildSettings = {
				ALWAYS_SEARCH_USER_PATHS = NO;
				CLANG_ANALYZER_NONNULL = YES;
				CLANG_ANALYZER_NUMBER_OBJECT_CONVERSION = YES_AGGRESSIVE;
				CLANG_CXX_LANGUAGE_STANDARD = "gnu++17";
				CLANG_CXX_LIBRARY = "libc++";
				CLANG_ENABLE_MODULES = YES;
				CLANG_ENABLE_OBJC_ARC = YES;
				CLANG_ENABLE_OBJC_WEAK = YES;
				CLANG_WARN_BLOCK_CAPTURE_AUTORELEASING = YES;
				CLANG_WARN_BOOL_CONVERSION = YES;
				CLANG_WARN_COMMA = YES;
				CLANG_WARN_CONSTANT_CONVERSION = YES;
				CLANG_WARN_DEPRECATED_OBJC_IMPLEMENTATIONS = YES;
				CLANG_WARN_DIRECT_OBJC_ISA_USAGE = YES_ERROR;
				CLANG_WARN_DOCUMENTATION_COMMENTS = YES;
				CLANG_WARN_EMPTY_BODY = YES;
				CLANG_WARN_ENUM_CONVERSION = YES;
				CLANG_WARN_INFINITE_RECURSION = YES;
				CLANG_WARN_INT_CONVERSION = YES;
				CLANG_WARN_NON_LITERAL_NULL_CONVERSION = YES;
				CLANG_WARN_OBJC_IMPLICIT_RETAIN_SELF = YES;
				CLANG_WARN_OBJC_LITERAL_CONVERSION = YES;
				CLANG_WARN_OBJC_ROOT_CLASS = YES_ERROR;
				CLANG_WARN_QUOTED_INCLUDE_IN_FRAMEWORK_HEADER = YES;
				CLANG_WARN_RANGE_LOOP_ANALYSIS = YES;
				CLANG_WARN_STRICT_PROTOTYPES = YES;
				CLANG_WARN_SUSPICIOUS_MOVE = YES;
				CLANG_WARN_UNGUARDED_AVAILABILITY = YES_AGGRESSIVE;
				CLANG_WARN_UNREACHABLE_CODE = YES;
				CLANG_WARN__DUPLICATE_METHOD_MATCH = YES;
				COPY_PHASE_STRIP = NO;
				DEBUG_INFORMATION_FORMAT = "dwarf-with-dsym";
				ENABLE_NS_ASSERTIONS = NO;
				ENABLE_STRICT_OBJC_MSGSEND = YES;
				GCC_C_LANGUAGE_STANDARD = gnu11;
				GCC_NO_COMMON_BLOCKS = YES;
				GCC_WARN_64_TO_32_BIT_CONVERSION = YES;
				GCC_WARN_ABOUT_RETURN_TYPE = YES_ERROR;
				GCC_WARN_UNDECLARED_SELECTOR = YES;
				GCC_WARN_UNINITIALIZED_AUTOS = YES_AGGRESSIVE;
				GCC_WARN_UNUSED_FUNCTION = YES;
				GCC_WARN_UNUSED_VARIABLE = YES;
				IPHONEOS_DEPLOYMENT_TARGET = 15.2;
				MTL_ENABLE_DEBUG_INFO = NO;
				MTL_FAST_MATH = YES;
				SDKROOT = iphoneos;
				SWIFT_COMPILATION_MODE = wholemodule;
				SWIFT_OPTIMIZATION_LEVEL = "-O";
				VALIDATE_PRODUCT = YES;
			};
			name = Release;
		};
		3486DBFA27BEF9DE00DBA681 /* Debug */ = {
			isa = XCBuildConfiguration;
			buildSettings = {
				ASSETCATALOG_COMPILER_APPICON_NAME = AppIcon;
				ASSETCATALOG_COMPILER_GLOBAL_ACCENT_COLOR_NAME = AccentColor;
				CODE_SIGN_STYLE = Automatic;
				CURRENT_PROJECT_VERSION = 1;
				GENERATE_INFOPLIST_FILE = YES;
				INFOPLIST_FILE = KrishnanVenkatesh_Calculator/Info.plist;
				INFOPLIST_KEY_UIApplicationSupportsIndirectInputEvents = YES;
				INFOPLIST_KEY_UILaunchStoryboardName = LaunchScreen;
				INFOPLIST_KEY_UIMainStoryboardFile = Main;
				INFOPLIST_KEY_UISupportedInterfaceOrientations_iPad = "UIInterfaceOrientationPortrait UIInterfaceOrientationPortraitUpsideDown UIInterfaceOrientationLandscapeLeft UIInterfaceOrientationLandscapeRight";
				INFOPLIST_KEY_UISupportedInterfaceOrientations_iPhone = "UIInterfaceOrientationPortrait UIInterfaceOrientationLandscapeLeft UIInterfaceOrientationLandscapeRight";
				LD_RUNPATH_SEARCH_PATHS = (
					"$(inherited)",
					"@executable_path/Frameworks",
				);
				MARKETING_VERSION = 1.0;
				PRODUCT_BUNDLE_IDENTIFIER = "NWMSU.KrishnanVenkatesh-Calculator";
				PRODUCT_NAME = "$(TARGET_NAME)";
				SWIFT_EMIT_LOC_STRINGS = YES;
				SWIFT_VERSION = 5.0;
				TARGETED_DEVICE_FAMILY = "1,2";
			};
			name = Debug;
		};
		3486DBFB27BEF9DE00DBA681 /* Release */ = {
			isa = XCBuildConfiguration;
			buildSettings = {
				ASSETCATALOG_COMPILER_APPICON_NAME = AppIcon;
				ASSETCATALOG_COMPILER_GLOBAL_ACCENT_COLOR_NAME = AccentColor;
				CODE_SIGN_STYLE = Automatic;
				CURRENT_PROJECT_VERSION = 1;
				GENERATE_INFOPLIST_FILE = YES;
				INFOPLIST_FILE = KrishnanVenkatesh_Calculator/Info.plist;
				INFOPLIST_KEY_UIApplicationSupportsIndirectInputEvents = YES;
				INFOPLIST_KEY_UILaunchStoryboardName = LaunchScreen;
				INFOPLIST_KEY_UIMainStoryboardFile = Main;
				INFOPLIST_KEY_UISupportedInterfaceOrientations_iPad = "UIInterfaceOrientationPortrait UIInterfaceOrientationPortraitUpsideDown UIInterfaceOrientationLandscapeLeft UIInterfaceOrientationLandscapeRight";
				INFOPLIST_KEY_UISupportedInterfaceOrientations_iPhone = "UIInterfaceOrientationPortrait UIInterfaceOrientationLandscapeLeft UIInterfaceOrientationLandscapeRight";
				LD_RUNPATH_SEARCH_PATHS = (
					"$(inherited)",
					"@executable_path/Frameworks",
				);
				MARKETING_VERSION = 1.0;
				PRODUCT_BUNDLE_IDENTIFIER = "NWMSU.KrishnanVenkatesh-Calculator";
				PRODUCT_NAME = "$(TARGET_NAME)";
				SWIFT_EMIT_LOC_STRINGS = YES;
				SWIFT_VERSION = 5.0;
				TARGETED_DEVICE_FAMILY = "1,2";
			};
			name = Release;
		};
		3486DBFD27BEF9DE00DBA681 /* Debug */ = {
			isa = XCBuildConfiguration;
			buildSettings = {
				ALWAYS_EMBED_SWIFT_STANDARD_LIBRARIES = YES;
				BUNDLE_LOADER = "$(TEST_HOST)";
				CODE_SIGN_STYLE = Automatic;
				CURRENT_PROJECT_VERSION = 1;
				GENERATE_INFOPLIST_FILE = YES;
				IPHONEOS_DEPLOYMENT_TARGET = 15.2;
				MARKETING_VERSION = 1.0;
				PRODUCT_BUNDLE_IDENTIFIER = "NWMSU.KrishnanVenkatesh-CalculatorTests";
				PRODUCT_NAME = "$(TARGET_NAME)";
				SWIFT_EMIT_LOC_STRINGS = NO;
				SWIFT_VERSION = 5.0;
				TARGETED_DEVICE_FAMILY = "1,2";
				TEST_HOST = "$(BUILT_PRODUCTS_DIR)/KrishnanVenkatesh_Calculator.app/KrishnanVenkatesh_Calculator";
			};
			name = Debug;
		};
		3486DBFE27BEF9DE00DBA681 /* Release */ = {
			isa = XCBuildConfiguration;
			buildSettings = {
				ALWAYS_EMBED_SWIFT_STANDARD_LIBRARIES = YES;
				BUNDLE_LOADER = "$(TEST_HOST)";
				CODE_SIGN_STYLE = Automatic;
				CURRENT_PROJECT_VERSION = 1;
				GENERATE_INFOPLIST_FILE = YES;
				IPHONEOS_DEPLOYMENT_TARGET = 15.2;
				MARKETING_VERSION = 1.0;
				PRODUCT_BUNDLE_IDENTIFIER = "NWMSU.KrishnanVenkatesh-CalculatorTests";
				PRODUCT_NAME = "$(TARGET_NAME)";
				SWIFT_EMIT_LOC_STRINGS = NO;
				SWIFT_VERSION = 5.0;
				TARGETED_DEVICE_FAMILY = "1,2";
				TEST_HOST = "$(BUILT_PRODUCTS_DIR)/KrishnanVenkatesh_Calculator.app/KrishnanVenkatesh_Calculator";
			};
			name = Release;
		};
		3486DC0027BEF9DE00DBA681 /* Debug */ = {
			isa = XCBuildConfiguration;
			buildSettings = {
				ALWAYS_EMBED_SWIFT_STANDARD_LIBRARIES = YES;
				CODE_SIGN_STYLE = Automatic;
				CURRENT_PROJECT_VERSION = 1;
				GENERATE_INFOPLIST_FILE = YES;
				MARKETING_VERSION = 1.0;
				PRODUCT_BUNDLE_IDENTIFIER = "NWMSU.KrishnanVenkatesh-CalculatorUITests";
				PRODUCT_NAME = "$(TARGET_NAME)";
				SWIFT_EMIT_LOC_STRINGS = NO;
				SWIFT_VERSION = 5.0;
				TARGETED_DEVICE_FAMILY = "1,2";
				TEST_TARGET_NAME = KrishnanVenkatesh_Calculator;
			};
			name = Debug;
		};
		3486DC0127BEF9DE00DBA681 /* Release */ = {
			isa = XCBuildConfiguration;
			buildSettings = {
				ALWAYS_EMBED_SWIFT_STANDARD_LIBRARIES = YES;
				CODE_SIGN_STYLE = Automatic;
				CURRENT_PROJECT_VERSION = 1;
				GENERATE_INFOPLIST_FILE = YES;
				MARKETING_VERSION = 1.0;
				PRODUCT_BUNDLE_IDENTIFIER = "NWMSU.KrishnanVenkatesh-CalculatorUITests";
				PRODUCT_NAME = "$(TARGET_NAME)";
				SWIFT_EMIT_LOC_STRINGS = NO;
				SWIFT_VERSION = 5.0;
				TARGETED_DEVICE_FAMILY = "1,2";
				TEST_TARGET_NAME = KrishnanVenkatesh_Calculator;
			};
			name = Release;
		};
/* End XCBuildConfiguration section */

/* Begin XCConfigurationList section */
		3486DBCA27BEF9DD00DBA681 /* Build configuration list for PBXProject "KrishnanVenkatesh_Calculator" */ = {
			isa = XCConfigurationList;
			buildConfigurations = (
				3486DBF727BEF9DE00DBA681 /* Debug */,
				3486DBF827BEF9DE00DBA681 /* Release */,
			);
			defaultConfigurationIsVisible = 0;
			defaultConfigurationName = Release;
		};
		3486DBF927BEF9DE00DBA681 /* Build configuration list for PBXNativeTarget "KrishnanVenkatesh_Calculator" */ = {
			isa = XCConfigurationList;
			buildConfigurations = (
				3486DBFA27BEF9DE00DBA681 /* Debug */,
				3486DBFB27BEF9DE00DBA681 /* Release */,
			);
			defaultConfigurationIsVisible = 0;
			defaultConfigurationName = Release;
		};
		3486DBFC27BEF9DE00DBA681 /* Build configuration list for PBXNativeTarget "KrishnanVenkatesh_CalculatorTests" */ = {
			isa = XCConfigurationList;
			buildConfigurations = (
				3486DBFD27BEF9DE00DBA681 /* Debug */,
				3486DBFE27BEF9DE00DBA681 /* Release */,
			);
			defaultConfigurationIsVisible = 0;
			defaultConfigurationName = Release;
		};
		3486DBFF27BEF9DE00DBA681 /* Build configuration list for PBXNativeTarget "KrishnanVenkatesh_CalculatorUITests" */ = {
			isa = XCConfigurationList;
			buildConfigurations = (
				3486DC0027BEF9DE00DBA681 /* Debug */,
				3486DC0127BEF9DE00DBA681 /* Release */,
			);
			defaultConfigurationIsVisible = 0;
			defaultConfigurationName = Release;
		};
/* End XCConfigurationList section */
	};
	rootObject = 3486DBC727BEF9DD00DBA681 /* Project object */;
}
