// !$*UTF8*$!
{
	archiveVersion = 1;
	classes = {
	};
	objectVersion = 55;
	objects = {

/* Begin PBXBuildFile section */
		3F26F9ED27D1B6C90073B51C /* AppDelegate.swift in Sources */ = {isa = PBXBuildFile; fileRef = 3F26F9EC27D1B6C90073B51C /* AppDelegate.swift */; };
		3F26F9EF27D1B6C90073B51C /* SceneDelegate.swift in Sources */ = {isa = PBXBuildFile; fileRef = 3F26F9EE27D1B6C90073B51C /* SceneDelegate.swift */; };
		3F26F9F127D1B6C90073B51C /* ViewController.swift in Sources */ = {isa = PBXBuildFile; fileRef = 3F26F9F027D1B6C90073B51C /* ViewController.swift */; };
		3F26F9F427D1B6C90073B51C /* Main.storyboard in Resources */ = {isa = PBXBuildFile; fileRef = 3F26F9F227D1B6C90073B51C /* Main.storyboard */; };
		3F26F9F627D1B6CA0073B51C /* Assets.xcassets in Resources */ = {isa = PBXBuildFile; fileRef = 3F26F9F527D1B6CA0073B51C /* Assets.xcassets */; };
		3F26F9F927D1B6CA0073B51C /* LaunchScreen.storyboard in Resources */ = {isa = PBXBuildFile; fileRef = 3F26F9F727D1B6CA0073B51C /* LaunchScreen.storyboard */; };
		3F26FA0427D1B6CA0073B51C /* KrishnanVenkatesh_searchAppTests.swift in Sources */ = {isa = PBXBuildFile; fileRef = 3F26FA0327D1B6CA0073B51C /* KrishnanVenkatesh_searchAppTests.swift */; };
		3F26FA0E27D1B6CA0073B51C /* KrishnanVenkatesh_searchAppUITests.swift in Sources */ = {isa = PBXBuildFile; fileRef = 3F26FA0D27D1B6CA0073B51C /* KrishnanVenkatesh_searchAppUITests.swift */; };
		3F26FA1027D1B6CA0073B51C /* KrishnanVenkatesh_searchAppUITestsLaunchTests.swift in Sources */ = {isa = PBXBuildFile; fileRef = 3F26FA0F27D1B6CA0073B51C /* KrishnanVenkatesh_searchAppUITestsLaunchTests.swift */; };
/* End PBXBuildFile section */

/* Begin PBXContainerItemProxy section */
		3F26FA0027D1B6CA0073B51C /* PBXContainerItemProxy */ = {
			isa = PBXContainerItemProxy;
			containerPortal = 3F26F9E127D1B6C90073B51C /* Project object */;
			proxyType = 1;
			remoteGlobalIDString = 3F26F9E827D1B6C90073B51C;
			remoteInfo = KrishnanVenkatesh_searchApp;
		};
		3F26FA0A27D1B6CA0073B51C /* PBXContainerItemProxy */ = {
			isa = PBXContainerItemProxy;
			containerPortal = 3F26F9E127D1B6C90073B51C /* Project object */;
			proxyType = 1;
			remoteGlobalIDString = 3F26F9E827D1B6C90073B51C;
			remoteInfo = KrishnanVenkatesh_searchApp;
		};
/* End PBXContainerItemProxy section */

/* Begin PBXFileReference section */
		3F26F9E927D1B6C90073B51C /* KrishnanVenkatesh_searchApp.app */ = {isa = PBXFileReference; explicitFileType = wrapper.application; includeInIndex = 0; path = KrishnanVenkatesh_searchApp.app; sourceTree = BUILT_PRODUCTS_DIR; };
		3F26F9EC27D1B6C90073B51C /* AppDelegate.swift */ = {isa = PBXFileReference; lastKnownFileType = sourcecode.swift; path = AppDelegate.swift; sourceTree = "<group>"; };
		3F26F9EE27D1B6C90073B51C /* SceneDelegate.swift */ = {isa = PBXFileReference; lastKnownFileType = sourcecode.swift; path = SceneDelegate.swift; sourceTree = "<group>"; };
		3F26F9F027D1B6C90073B51C /* ViewController.swift */ = {isa = PBXFileReference; lastKnownFileType = sourcecode.swift; path = ViewController.swift; sourceTree = "<group>"; };
		3F26F9F327D1B6C90073B51C /* Base */ = {isa = PBXFileReference; lastKnownFileType = file.storyboard; name = Base; path = Base.lproj/Main.storyboard; sourceTree = "<group>"; };
		3F26F9F527D1B6CA0073B51C /* Assets.xcassets */ = {isa = PBXFileReference; lastKnownFileType = folder.assetcatalog; path = Assets.xcassets; sourceTree = "<group>"; };
		3F26F9F827D1B6CA0073B51C /* Base */ = {isa = PBXFileReference; lastKnownFileType = file.storyboard; name = Base; path = Base.lproj/LaunchScreen.storyboard; sourceTree = "<group>"; };
		3F26F9FA27D1B6CA0073B51C /* Info.plist */ = {isa = PBXFileReference; lastKnownFileType = text.plist.xml; path = Info.plist; sourceTree = "<group>"; };
		3F26F9FF27D1B6CA0073B51C /* KrishnanVenkatesh_searchAppTests.xctest */ = {isa = PBXFileReference; explicitFileType = wrapper.cfbundle; includeInIndex = 0; path = KrishnanVenkatesh_searchAppTests.xctest; sourceTree = BUILT_PRODUCTS_DIR; };
		3F26FA0327D1B6CA0073B51C /* KrishnanVenkatesh_searchAppTests.swift */ = {isa = PBXFileReference; lastKnownFileType = sourcecode.swift; path = KrishnanVenkatesh_searchAppTests.swift; sourceTree = "<group>"; };
		3F26FA0927D1B6CA0073B51C /* KrishnanVenkatesh_searchAppUITests.xctest */ = {isa = PBXFileReference; explicitFileType = wrapper.cfbundle; includeInIndex = 0; path = KrishnanVenkatesh_searchAppUITests.xctest; sourceTree = BUILT_PRODUCTS_DIR; };
		3F26FA0D27D1B6CA0073B51C /* KrishnanVenkatesh_searchAppUITests.swift */ = {isa = PBXFileReference; lastKnownFileType = sourcecode.swift; path = KrishnanVenkatesh_searchAppUITests.swift; sourceTree = "<group>"; };
		3F26FA0F27D1B6CA0073B51C /* KrishnanVenkatesh_searchAppUITestsLaunchTests.swift */ = {isa = PBXFileReference; lastKnownFileType = sourcecode.swift; path = KrishnanVenkatesh_searchAppUITestsLaunchTests.swift; sourceTree = "<group>"; };
/* End PBXFileReference section */

/* Begin PBXFrameworksBuildPhase section */
		3F26F9E627D1B6C90073B51C /* Frameworks */ = {
			isa = PBXFrameworksBuildPhase;
			buildActionMask = 2147483647;
			files = (
			);
			runOnlyForDeploymentPostprocessing = 0;
		};
		3F26F9FC27D1B6CA0073B51C /* Frameworks */ = {
			isa = PBXFrameworksBuildPhase;
			buildActionMask = 2147483647;
			files = (
			);
			runOnlyForDeploymentPostprocessing = 0;
		};
		3F26FA0627D1B6CA0073B51C /* Frameworks */ = {
			isa = PBXFrameworksBuildPhase;
			buildActionMask = 2147483647;
			files = (
			);
			runOnlyForDeploymentPostprocessing = 0;
		};
/* End PBXFrameworksBuildPhase section */

/* Begin PBXGroup section */
		3F26F9E027D1B6C90073B51C = {
			isa = PBXGroup;
			children = (
				3F26F9EB27D1B6C90073B51C /* KrishnanVenkatesh_searchApp */,
				3F26FA0227D1B6CA0073B51C /* KrishnanVenkatesh_searchAppTests */,
				3F26FA0C27D1B6CA0073B51C /* KrishnanVenkatesh_searchAppUITests */,
				3F26F9EA27D1B6C90073B51C /* Products */,
			);
			sourceTree = "<group>";
		};
		3F26F9EA27D1B6C90073B51C /* Products */ = {
			isa = PBXGroup;
			children = (
				3F26F9E927D1B6C90073B51C /* KrishnanVenkatesh_searchApp.app */,
				3F26F9FF27D1B6CA0073B51C /* KrishnanVenkatesh_searchAppTests.xctest */,
				3F26FA0927D1B6CA0073B51C /* KrishnanVenkatesh_searchAppUITests.xctest */,
			);
			name = Products;
			sourceTree = "<group>";
		};
		3F26F9EB27D1B6C90073B51C /* KrishnanVenkatesh_searchApp */ = {
			isa = PBXGroup;
			children = (
				3F26F9EC27D1B6C90073B51C /* AppDelegate.swift */,
				3F26F9EE27D1B6C90073B51C /* SceneDelegate.swift */,
				3F26F9F027D1B6C90073B51C /* ViewController.swift */,
				3F26F9F227D1B6C90073B51C /* Main.storyboard */,
				3F26F9F527D1B6CA0073B51C /* Assets.xcassets */,
				3F26F9F727D1B6CA0073B51C /* LaunchScreen.storyboard */,
				3F26F9FA27D1B6CA0073B51C /* Info.plist */,
			);
			path = KrishnanVenkatesh_searchApp;
			sourceTree = "<group>";
		};
		3F26FA0227D1B6CA0073B51C /* KrishnanVenkatesh_searchAppTests */ = {
			isa = PBXGroup;
			children = (
				3F26FA0327D1B6CA0073B51C /* KrishnanVenkatesh_searchAppTests.swift */,
			);
			path = KrishnanVenkatesh_searchAppTests;
			sourceTree = "<group>";
		};
		3F26FA0C27D1B6CA0073B51C /* KrishnanVenkatesh_searchAppUITests */ = {
			isa = PBXGroup;
			children = (
				3F26FA0D27D1B6CA0073B51C /* KrishnanVenkatesh_searchAppUITests.swift */,
				3F26FA0F27D1B6CA0073B51C /* KrishnanVenkatesh_searchAppUITestsLaunchTests.swift */,
			);
			path = KrishnanVenkatesh_searchAppUITests;
			sourceTree = "<group>";
		};
/* End PBXGroup section */

/* Begin PBXNativeTarget section */
		3F26F9E827D1B6C90073B51C /* KrishnanVenkatesh_searchApp */ = {
			isa = PBXNativeTarget;
			buildConfigurationList = 3F26FA1327D1B6CA0073B51C /* Build configuration list for PBXNativeTarget "KrishnanVenkatesh_searchApp" */;
			buildPhases = (
				3F26F9E527D1B6C90073B51C /* Sources */,
				3F26F9E627D1B6C90073B51C /* Frameworks */,
				3F26F9E727D1B6C90073B51C /* Resources */,
			);
			buildRules = (
			);
			dependencies = (
			);
			name = KrishnanVenkatesh_searchApp;
			productName = KrishnanVenkatesh_searchApp;
			productReference = 3F26F9E927D1B6C90073B51C /* KrishnanVenkatesh_searchApp.app */;
			productType = "com.apple.product-type.application";
		};
		3F26F9FE27D1B6CA0073B51C /* KrishnanVenkatesh_searchAppTests */ = {
			isa = PBXNativeTarget;
			buildConfigurationList = 3F26FA1627D1B6CA0073B51C /* Build configuration list for PBXNativeTarget "KrishnanVenkatesh_searchAppTests" */;
			buildPhases = (
				3F26F9FB27D1B6CA0073B51C /* Sources */,
				3F26F9FC27D1B6CA0073B51C /* Frameworks */,
				3F26F9FD27D1B6CA0073B51C /* Resources */,
			);
			buildRules = (
			);
			dependencies = (
				3F26FA0127D1B6CA0073B51C /* PBXTargetDependency */,
			);
			name = KrishnanVenkatesh_searchAppTests;
			productName = KrishnanVenkatesh_searchAppTests;
			productReference = 3F26F9FF27D1B6CA0073B51C /* KrishnanVenkatesh_searchAppTests.xctest */;
			productType = "com.apple.product-type.bundle.unit-test";
		};
		3F26FA0827D1B6CA0073B51C /* KrishnanVenkatesh_searchAppUITests */ = {
			isa = PBXNativeTarget;
			buildConfigurationList = 3F26FA1927D1B6CA0073B51C /* Build configuration list for PBXNativeTarget "KrishnanVenkatesh_searchAppUITests" */;
			buildPhases = (
				3F26FA0527D1B6CA0073B51C /* Sources */,
				3F26FA0627D1B6CA0073B51C /* Frameworks */,
				3F26FA0727D1B6CA0073B51C /* Resources */,
			);
			buildRules = (
			);
			dependencies = (
				3F26FA0B27D1B6CA0073B51C /* PBXTargetDependency */,
			);
			name = KrishnanVenkatesh_searchAppUITests;
			productName = KrishnanVenkatesh_searchAppUITests;
			productReference = 3F26FA0927D1B6CA0073B51C /* KrishnanVenkatesh_searchAppUITests.xctest */;
			productType = "com.apple.product-type.bundle.ui-testing";
		};
/* End PBXNativeTarget section */

/* Begin PBXProject section */
		3F26F9E127D1B6C90073B51C /* Project object */ = {
			isa = PBXProject;
			attributes = {
				BuildIndependentTargetsInParallel = 1;
				LastSwiftUpdateCheck = 1320;
				LastUpgradeCheck = 1320;
				TargetAttributes = {
					3F26F9E827D1B6C90073B51C = {
						CreatedOnToolsVersion = 13.2.1;
					};
					3F26F9FE27D1B6CA0073B51C = {
						CreatedOnToolsVersion = 13.2.1;
						TestTargetID = 3F26F9E827D1B6C90073B51C;
					};
					3F26FA0827D1B6CA0073B51C = {
						CreatedOnToolsVersion = 13.2.1;
						TestTargetID = 3F26F9E827D1B6C90073B51C;
					};
				};
			};
			buildConfigurationList = 3F26F9E427D1B6C90073B51C /* Build configuration list for PBXProject "KrishnanVenkatesh_searchApp" */;
			compatibilityVersion = "Xcode 13.0";
			developmentRegion = en;
			hasScannedForEncodings = 0;
			knownRegions = (
				en,
				Base,
			);
			mainGroup = 3F26F9E027D1B6C90073B51C;
			productRefGroup = 3F26F9EA27D1B6C90073B51C /* Products */;
			projectDirPath = "";
			projectRoot = "";
			targets = (
				3F26F9E827D1B6C90073B51C /* KrishnanVenkatesh_searchApp */,
				3F26F9FE27D1B6CA0073B51C /* KrishnanVenkatesh_searchAppTests */,
				3F26FA0827D1B6CA0073B51C /* KrishnanVenkatesh_searchAppUITests */,
			);
		};
/* End PBXProject section */

/* Begin PBXResourcesBuildPhase section */
		3F26F9E727D1B6C90073B51C /* Resources */ = {
			isa = PBXResourcesBuildPhase;
			buildActionMask = 2147483647;
			files = (
				3F26F9F927D1B6CA0073B51C /* LaunchScreen.storyboard in Resources */,
				3F26F9F627D1B6CA0073B51C /* Assets.xcassets in Resources */,
				3F26F9F427D1B6C90073B51C /* Main.storyboard in Resources */,
			);
			runOnlyForDeploymentPostprocessing = 0;
		};
		3F26F9FD27D1B6CA0073B51C /* Resources */ = {
			isa = PBXResourcesBuildPhase;
			buildActionMask = 2147483647;
			files = (
			);
			runOnlyForDeploymentPostprocessing = 0;
		};
		3F26FA0727D1B6CA0073B51C /* Resources */ = {
			isa = PBXResourcesBuildPhase;
			buildActionMask = 2147483647;
			files = (
			);
			runOnlyForDeploymentPostprocessing = 0;
		};
/* End PBXResourcesBuildPhase section */

/* Begin PBXSourcesBuildPhase section */
		3F26F9E527D1B6C90073B51C /* Sources */ = {
			isa = PBXSourcesBuildPhase;
			buildActionMask = 2147483647;
			files = (
				3F26F9F127D1B6C90073B51C /* ViewController.swift in Sources */,
				3F26F9ED27D1B6C90073B51C /* AppDelegate.swift in Sources */,
				3F26F9EF27D1B6C90073B51C /* SceneDelegate.swift in Sources */,
			);
			runOnlyForDeploymentPostprocessing = 0;
		};
		3F26F9FB27D1B6CA0073B51C /* Sources */ = {
			isa = PBXSourcesBuildPhase;
			buildActionMask = 2147483647;
			files = (
				3F26FA0427D1B6CA0073B51C /* KrishnanVenkatesh_searchAppTests.swift in Sources */,
			);
			runOnlyForDeploymentPostprocessing = 0;
		};
		3F26FA0527D1B6CA0073B51C /* Sources */ = {
			isa = PBXSourcesBuildPhase;
			buildActionMask = 2147483647;
			files = (
				3F26FA1027D1B6CA0073B51C /* KrishnanVenkatesh_searchAppUITestsLaunchTests.swift in Sources */,
				3F26FA0E27D1B6CA0073B51C /* KrishnanVenkatesh_searchAppUITests.swift in Sources */,
			);
			runOnlyForDeploymentPostprocessing = 0;
		};
/* End PBXSourcesBuildPhase section */

/* Begin PBXTargetDependency section */
		3F26FA0127D1B6CA0073B51C /* PBXTargetDependency */ = {
			isa = PBXTargetDependency;
			target = 3F26F9E827D1B6C90073B51C /* KrishnanVenkatesh_searchApp */;
			targetProxy = 3F26FA0027D1B6CA0073B51C /* PBXContainerItemProxy */;
		};
		3F26FA0B27D1B6CA0073B51C /* PBXTargetDependency */ = {
			isa = PBXTargetDependency;
			target = 3F26F9E827D1B6C90073B51C /* KrishnanVenkatesh_searchApp */;
			targetProxy = 3F26FA0A27D1B6CA0073B51C /* PBXContainerItemProxy */;
		};
/* End PBXTargetDependency section */

/* Begin PBXVariantGroup section */
		3F26F9F227D1B6C90073B51C /* Main.storyboard */ = {
			isa = PBXVariantGroup;
			children = (
				3F26F9F327D1B6C90073B51C /* Base */,
			);
			name = Main.storyboard;
			sourceTree = "<group>";
		};
		3F26F9F727D1B6CA0073B51C /* LaunchScreen.storyboard */ = {
			isa = PBXVariantGroup;
			children = (
				3F26F9F827D1B6CA0073B51C /* Base */,
			);
			name = LaunchScreen.storyboard;
			sourceTree = "<group>";
		};
/* End PBXVariantGroup section */

/* Begin XCBuildConfiguration section */
		3F26FA1127D1B6CA0073B51C /* Debug */ = {
			isa = XCBuildConfiguration;
			buildSettings = {
				ALWAYS_SEARCH_USER_PATHS = NO;
				CLANG_ANALYZER_NONNULL = YES;
				CLANG_ANALYZER_NUMBER_OBJECT_CONVERSION = YES_AGGRESSIVE;
				CLANG_CXX_LANGUAGE_STANDARD = "gnu++17";
				CLANG_CXX_LIBRARY = "libc++";
				CLANG_ENABLE_MODULES = YES;
				CLANG_ENABLE_OBJC_ARC = YES;
				CLANG_ENABLE_OBJC_WEAK = YES;
				CLANG_WARN_BLOCK_CAPTURE_AUTORELEASING = YES;
				CLANG_WARN_BOOL_CONVERSION = YES;
				CLANG_WARN_COMMA = YES;
				CLANG_WARN_CONSTANT_CONVERSION = YES;
				CLANG_WARN_DEPRECATED_OBJC_IMPLEMENTATIONS = YES;
				CLANG_WARN_DIRECT_OBJC_ISA_USAGE = YES_ERROR;
				CLANG_WARN_DOCUMENTATION_COMMENTS = YES;
				CLANG_WARN_EMPTY_BODY = YES;
				CLANG_WARN_ENUM_CONVERSION = YES;
				CLANG_WARN_INFINITE_RECURSION = YES;
				CLANG_WARN_INT_CONVERSION = YES;
				CLANG_WARN_NON_LITERAL_NULL_CONVERSION = YES;
				CLANG_WARN_OBJC_IMPLICIT_RETAIN_SELF = YES;
				CLANG_WARN_OBJC_LITERAL_CONVERSION = YES;
				CLANG_WARN_OBJC_ROOT_CLASS = YES_ERROR;
				CLANG_WARN_QUOTED_INCLUDE_IN_FRAMEWORK_HEADER = YES;
				CLANG_WARN_RANGE_LOOP_ANALYSIS = YES;
				CLANG_WARN_STRICT_PROTOTYPES = YES;
				CLANG_WARN_SUSPICIOUS_MOVE = YES;
				CLANG_WARN_UNGUARDED_AVAILABILITY = YES_AGGRESSIVE;
				CLANG_WARN_UNREACHABLE_CODE = YES;
				CLANG_WARN__DUPLICATE_METHOD_MATCH = YES;
				COPY_PHASE_STRIP = NO;
				DEBUG_INFORMATION_FORMAT = dwarf;
				ENABLE_STRICT_OBJC_MSGSEND = YES;
				ENABLE_TESTABILITY = YES;
				GCC_C_LANGUAGE_STANDARD = gnu11;
				GCC_DYNAMIC_NO_PIC = NO;
				GCC_NO_COMMON_BLOCKS = YES;
				GCC_OPTIMIZATION_LEVEL = 0;
				GCC_PREPROCESSOR_DEFINITIONS = (
					"DEBUG=1",
					"$(inherited)",
				);
				GCC_WARN_64_TO_32_BIT_CONVERSION = YES;
				GCC_WARN_ABOUT_RETURN_TYPE = YES_ERROR;
				GCC_WARN_UNDECLARED_SELECTOR = YES;
				GCC_WARN_UNINITIALIZED_AUTOS = YES_AGGRESSIVE;
				GCC_WARN_UNUSED_FUNCTION = YES;
				GCC_WARN_UNUSED_VARIABLE = YES;
				IPHONEOS_DEPLOYMENT_TARGET = 15.2;
				MTL_ENABLE_DEBUG_INFO = INCLUDE_SOURCE;
				MTL_FAST_MATH = YES;
				ONLY_ACTIVE_ARCH = YES;
				SDKROOT = iphoneos;
				SWIFT_ACTIVE_COMPILATION_CONDITIONS = DEBUG;
				SWIFT_OPTIMIZATION_LEVEL = "-Onone";
			};
			name = Debug;
		};
		3F26FA1227D1B6CA0073B51C /* Release */ = {
			isa = XCBuildConfiguration;
			buildSettings = {
				ALWAYS_SEARCH_USER_PATHS = NO;
				CLANG_ANALYZER_NONNULL = YES;
				CLANG_ANALYZER_NUMBER_OBJECT_CONVERSION = YES_AGGRESSIVE;
				CLANG_CXX_LANGUAGE_STANDARD = "gnu++17";
				CLANG_CXX_LIBRARY = "libc++";
				CLANG_ENABLE_MODULES = YES;
				CLANG_ENABLE_OBJC_ARC = YES;
				CLANG_ENABLE_OBJC_WEAK = YES;
				CLANG_WARN_BLOCK_CAPTURE_AUTORELEASING = YES;
				CLANG_WARN_BOOL_CONVERSION = YES;
				CLANG_WARN_COMMA = YES;
				CLANG_WARN_CONSTANT_CONVERSION = YES;
				CLANG_WARN_DEPRECATED_OBJC_IMPLEMENTATIONS = YES;
				CLANG_WARN_DIRECT_OBJC_ISA_USAGE = YES_ERROR;
				CLANG_WARN_DOCUMENTATION_COMMENTS = YES;
				CLANG_WARN_EMPTY_BODY = YES;
				CLANG_WARN_ENUM_CONVERSION = YES;
				CLANG_WARN_INFINITE_RECURSION = YES;
				CLANG_WARN_INT_CONVERSION = YES;
				CLANG_WARN_NON_LITERAL_NULL_CONVERSION = YES;
				CLANG_WARN_OBJC_IMPLICIT_RETAIN_SELF = YES;
				CLANG_WARN_OBJC_LITERAL_CONVERSION = YES;
				CLANG_WARN_OBJC_ROOT_CLASS = YES_ERROR;
				CLANG_WARN_QUOTED_INCLUDE_IN_FRAMEWORK_HEADER = YES;
				CLANG_WARN_RANGE_LOOP_ANALYSIS = YES;
				CLANG_WARN_STRICT_PROTOTYPES = YES;
				CLANG_WARN_SUSPICIOUS_MOVE = YES;
				CLANG_WARN_UNGUARDED_AVAILABILITY = YES_AGGRESSIVE;
				CLANG_WARN_UNREACHABLE_CODE = YES;
				CLANG_WARN__DUPLICATE_METHOD_MATCH = YES;
				COPY_PHASE_STRIP = NO;
				DEBUG_INFORMATION_FORMAT = "dwarf-with-dsym";
				ENABLE_NS_ASSERTIONS = NO;
				ENABLE_STRICT_OBJC_MSGSEND = YES;
				GCC_C_LANGUAGE_STANDARD = gnu11;
				GCC_NO_COMMON_BLOCKS = YES;
				GCC_WARN_64_TO_32_BIT_CONVERSION = YES;
				GCC_WARN_ABOUT_RETURN_TYPE = YES_ERROR;
				GCC_WARN_UNDECLARED_SELECTOR = YES;
				GCC_WARN_UNINITIALIZED_AUTOS = YES_AGGRESSIVE;
				GCC_WARN_UNUSED_FUNCTION = YES;
				GCC_WARN_UNUSED_VARIABLE = YES;
				IPHONEOS_DEPLOYMENT_TARGET = 15.2;
				MTL_ENABLE_DEBUG_INFO = NO;
				MTL_FAST_MATH = YES;
				SDKROOT = iphoneos;
				SWIFT_COMPILATION_MODE = wholemodule;
				SWIFT_OPTIMIZATION_LEVEL = "-O";
				VALIDATE_PRODUCT = YES;
			};
			name = Release;
		};
		3F26FA1427D1B6CA0073B51C /* Debug */ = {
			isa = XCBuildConfiguration;
			buildSettings = {
				ASSETCATALOG_COMPILER_APPICON_NAME = AppIcon;
				ASSETCATALOG_COMPILER_GLOBAL_ACCENT_COLOR_NAME = AccentColor;
				CODE_SIGN_STYLE = Automatic;
				CURRENT_PROJECT_VERSION = 1;
				GENERATE_INFOPLIST_FILE = YES;
				INFOPLIST_FILE = KrishnanVenkatesh_searchApp/Info.plist;
				INFOPLIST_KEY_UIApplicationSupportsIndirectInputEvents = YES;
				INFOPLIST_KEY_UILaunchStoryboardName = LaunchScreen;
				INFOPLIST_KEY_UIMainStoryboardFile = Main;
				INFOPLIST_KEY_UISupportedInterfaceOrientations_iPad = "UIInterfaceOrientationPortrait UIInterfaceOrientationPortraitUpsideDown UIInterfaceOrientationLandscapeLeft UIInterfaceOrientationLandscapeRight";
				INFOPLIST_KEY_UISupportedInterfaceOrientations_iPhone = "UIInterfaceOrientationPortrait UIInterfaceOrientationLandscapeLeft UIInterfaceOrientationLandscapeRight";
				LD_RUNPATH_SEARCH_PATHS = (
					"$(inherited)",
					"@executable_path/Frameworks",
				);
				MARKETING_VERSION = 1.0;
				PRODUCT_BUNDLE_IDENTIFIER = "NWMSU.KrishnanVenkatesh-searchApp";
				PRODUCT_NAME = "$(TARGET_NAME)";
				SWIFT_EMIT_LOC_STRINGS = YES;
				SWIFT_VERSION = 5.0;
				TARGETED_DEVICE_FAMILY = "1,2";
			};
			name = Debug;
		};
		3F26FA1527D1B6CA0073B51C /* Release */ = {
			isa = XCBuildConfiguration;
			buildSettings = {
				ASSETCATALOG_COMPILER_APPICON_NAME = AppIcon;
				ASSETCATALOG_COMPILER_GLOBAL_ACCENT_COLOR_NAME = AccentColor;
				CODE_SIGN_STYLE = Automatic;
				CURRENT_PROJECT_VERSION = 1;
				GENERATE_INFOPLIST_FILE = YES;
				INFOPLIST_FILE = KrishnanVenkatesh_searchApp/Info.plist;
				INFOPLIST_KEY_UIApplicationSupportsIndirectInputEvents = YES;
				INFOPLIST_KEY_UILaunchStoryboardName = LaunchScreen;
				INFOPLIST_KEY_UIMainStoryboardFile = Main;
				INFOPLIST_KEY_UISupportedInterfaceOrientations_iPad = "UIInterfaceOrientationPortrait UIInterfaceOrientationPortraitUpsideDown UIInterfaceOrientationLandscapeLeft UIInterfaceOrientationLandscapeRight";
				INFOPLIST_KEY_UISupportedInterfaceOrientations_iPhone = "UIInterfaceOrientationPortrait UIInterfaceOrientationLandscapeLeft UIInterfaceOrientationLandscapeRight";
				LD_RUNPATH_SEARCH_PATHS = (
					"$(inherited)",
					"@executable_path/Frameworks",
				);
				MARKETING_VERSION = 1.0;
				PRODUCT_BUNDLE_IDENTIFIER = "NWMSU.KrishnanVenkatesh-searchApp";
				PRODUCT_NAME = "$(TARGET_NAME)";
				SWIFT_EMIT_LOC_STRINGS = YES;
				SWIFT_VERSION = 5.0;
				TARGETED_DEVICE_FAMILY = "1,2";
			};
			name = Release;
		};
		3F26FA1727D1B6CA0073B51C /* Debug */ = {
			isa = XCBuildConfiguration;
			buildSettings = {
				ALWAYS_EMBED_SWIFT_STANDARD_LIBRARIES = YES;
				BUNDLE_LOADER = "$(TEST_HOST)";
				CODE_SIGN_STYLE = Automatic;
				CURRENT_PROJECT_VERSION = 1;
				GENERATE_INFOPLIST_FILE = YES;
				IPHONEOS_DEPLOYMENT_TARGET = 15.2;
				MARKETING_VERSION = 1.0;
				PRODUCT_BUNDLE_IDENTIFIER = "NWMSU.KrishnanVenkatesh-searchAppTests";
				PRODUCT_NAME = "$(TARGET_NAME)";
				SWIFT_EMIT_LOC_STRINGS = NO;
				SWIFT_VERSION = 5.0;
				TARGETED_DEVICE_FAMILY = "1,2";
				TEST_HOST = "$(BUILT_PRODUCTS_DIR)/KrishnanVenkatesh_searchApp.app/KrishnanVenkatesh_searchApp";
			};
			name = Debug;
		};
		3F26FA1827D1B6CA0073B51C /* Release */ = {
			isa = XCBuildConfiguration;
			buildSettings = {
				ALWAYS_EMBED_SWIFT_STANDARD_LIBRARIES = YES;
				BUNDLE_LOADER = "$(TEST_HOST)";
				CODE_SIGN_STYLE = Automatic;
				CURRENT_PROJECT_VERSION = 1;
				GENERATE_INFOPLIST_FILE = YES;
				IPHONEOS_DEPLOYMENT_TARGET = 15.2;
				MARKETING_VERSION = 1.0;
				PRODUCT_BUNDLE_IDENTIFIER = "NWMSU.KrishnanVenkatesh-searchAppTests";
				PRODUCT_NAME = "$(TARGET_NAME)";
				SWIFT_EMIT_LOC_STRINGS = NO;
				SWIFT_VERSION = 5.0;
				TARGETED_DEVICE_FAMILY = "1,2";
				TEST_HOST = "$(BUILT_PRODUCTS_DIR)/KrishnanVenkatesh_searchApp.app/KrishnanVenkatesh_searchApp";
			};
			name = Release;
		};
		3F26FA1A27D1B6CA0073B51C /* Debug */ = {
			isa = XCBuildConfiguration;
			buildSettings = {
				ALWAYS_EMBED_SWIFT_STANDARD_LIBRARIES = YES;
				CODE_SIGN_STYLE = Automatic;
				CURRENT_PROJECT_VERSION = 1;
				GENERATE_INFOPLIST_FILE = YES;
				MARKETING_VERSION = 1.0;
				PRODUCT_BUNDLE_IDENTIFIER = "NWMSU.KrishnanVenkatesh-searchAppUITests";
				PRODUCT_NAME = "$(TARGET_NAME)";
				SWIFT_EMIT_LOC_STRINGS = NO;
				SWIFT_VERSION = 5.0;
				TARGETED_DEVICE_FAMILY = "1,2";
				TEST_TARGET_NAME = KrishnanVenkatesh_searchApp;
			};
			name = Debug;
		};
		3F26FA1B27D1B6CA0073B51C /* Release */ = {
			isa = XCBuildConfiguration;
			buildSettings = {
				ALWAYS_EMBED_SWIFT_STANDARD_LIBRARIES = YES;
				CODE_SIGN_STYLE = Automatic;
				CURRENT_PROJECT_VERSION = 1;
				GENERATE_INFOPLIST_FILE = YES;
				MARKETING_VERSION = 1.0;
				PRODUCT_BUNDLE_IDENTIFIER = "NWMSU.KrishnanVenkatesh-searchAppUITests";
				PRODUCT_NAME = "$(TARGET_NAME)";
				SWIFT_EMIT_LOC_STRINGS = NO;
				SWIFT_VERSION = 5.0;
				TARGETED_DEVICE_FAMILY = "1,2";
				TEST_TARGET_NAME = KrishnanVenkatesh_searchApp;
			};
			name = Release;
		};
/* End XCBuildConfiguration section */

/* Begin XCConfigurationList section */
		3F26F9E427D1B6C90073B51C /* Build configuration list for PBXProject "KrishnanVenkatesh_searchApp" */ = {
			isa = XCConfigurationList;
			buildConfigurations = (
				3F26FA1127D1B6CA0073B51C /* Debug */,
				3F26FA1227D1B6CA0073B51C /* Release */,
			);
			defaultConfigurationIsVisible = 0;
			defaultConfigurationName = Release;
		};
		3F26FA1327D1B6CA0073B51C /* Build configuration list for PBXNativeTarget "KrishnanVenkatesh_searchApp" */ = {
			isa = XCConfigurationList;
			buildConfigurations = (
				3F26FA1427D1B6CA0073B51C /* Debug */,
				3F26FA1527D1B6CA0073B51C /* Release */,
			);
			defaultConfigurationIsVisible = 0;
			defaultConfigurationName = Release;
		};
		3F26FA1627D1B6CA0073B51C /* Build configuration list for PBXNativeTarget "KrishnanVenkatesh_searchAppTests" */ = {
			isa = XCConfigurationList;
			buildConfigurations = (
				3F26FA1727D1B6CA0073B51C /* Debug */,
				3F26FA1827D1B6CA0073B51C /* Release */,
			);
			defaultConfigurationIsVisible = 0;
			defaultConfigurationName = Release;
		};
		3F26FA1927D1B6CA0073B51C /* Build configuration list for PBXNativeTarget "KrishnanVenkatesh_searchAppUITests" */ = {
			isa = XCConfigurationList;
			buildConfigurations = (
				3F26FA1A27D1B6CA0073B51C /* Debug */,
				3F26FA1B27D1B6CA0073B51C /* Release */,
			);
			defaultConfigurationIsVisible = 0;
			defaultConfigurationName = Release;
		};
/* End XCConfigurationList section */
	};
	rootObject = 3F26F9E127D1B6C90073B51C /* Project object */;
}
